// !$*UTF8*$!
{
	archiveVersion = 1;
	classes = {
	};
	objectVersion = 50;
	objects = {

/* Begin PBXBuildFile section */
		D672CEBE26E66DA000AD8D1E /* AppDelegate.swift in Sources */ = {isa = PBXBuildFile; fileRef = D672CEBD26E66DA000AD8D1E /* AppDelegate.swift */; };
		D672CEC026E66DA000AD8D1E /* SceneDelegate.swift in Sources */ = {isa = PBXBuildFile; fileRef = D672CEBF26E66DA000AD8D1E /* SceneDelegate.swift */; };
		D672CEC226E66DA000AD8D1E /* ViewController.swift in Sources */ = {isa = PBXBuildFile; fileRef = D672CEC126E66DA000AD8D1E /* ViewController.swift */; };
		D672CEC526E66DA000AD8D1E /* Main.storyboard in Resources */ = {isa = PBXBuildFile; fileRef = D672CEC326E66DA000AD8D1E /* Main.storyboard */; };
		D672CEC726E66DA100AD8D1E /* Assets.xcassets in Resources */ = {isa = PBXBuildFile; fileRef = D672CEC626E66DA100AD8D1E /* Assets.xcassets */; };
		D672CECA26E66DA100AD8D1E /* LaunchScreen.storyboard in Resources */ = {isa = PBXBuildFile; fileRef = D672CEC826E66DA100AD8D1E /* LaunchScreen.storyboard */; };
		D672CEDC26E66E1A00AD8D1E /* Localizable.strings in Resources */ = {isa = PBXBuildFile; fileRef = D672CEDE26E66E1A00AD8D1E /* Localizable.strings */; };
		D672CEE426E66E5A00AD8D1E /* Localization.swift in Sources */ = {isa = PBXBuildFile; fileRef = D672CEE326E66E5A00AD8D1E /* Localization.swift */; };
/* End PBXBuildFile section */

/* Begin PBXFileReference section */
		D672CEBA26E66DA000AD8D1E /* LocalizationApp.app */ = {isa = PBXFileReference; explicitFileType = wrapper.application; includeInIndex = 0; path = LocalizationApp.app; sourceTree = BUILT_PRODUCTS_DIR; };
		D672CEBD26E66DA000AD8D1E /* AppDelegate.swift */ = {isa = PBXFileReference; lastKnownFileType = sourcecode.swift; path = AppDelegate.swift; sourceTree = "<group>"; };
		D672CEBF26E66DA000AD8D1E /* SceneDelegate.swift */ = {isa = PBXFileReference; lastKnownFileType = sourcecode.swift; path = SceneDelegate.swift; sourceTree = "<group>"; };
		D672CEC126E66DA000AD8D1E /* ViewController.swift */ = {isa = PBXFileReference; lastKnownFileType = sourcecode.swift; path = ViewController.swift; sourceTree = "<group>"; };
		D672CEC426E66DA000AD8D1E /* Base */ = {isa = PBXFileReference; lastKnownFileType = file.storyboard; name = Base; path = Base.lproj/Main.storyboard; sourceTree = "<group>"; };
		D672CEC626E66DA100AD8D1E /* Assets.xcassets */ = {isa = PBXFileReference; lastKnownFileType = folder.assetcatalog; path = Assets.xcassets; sourceTree = "<group>"; };
		D672CEC926E66DA100AD8D1E /* Base */ = {isa = PBXFileReference; lastKnownFileType = file.storyboard; name = Base; path = Base.lproj/LaunchScreen.storyboard; sourceTree = "<group>"; };
		D672CECB26E66DA100AD8D1E /* Info.plist */ = {isa = PBXFileReference; lastKnownFileType = text.plist.xml; path = Info.plist; sourceTree = "<group>"; };
		D672CED226E66DBB00AD8D1E /* ja */ = {isa = PBXFileReference; lastKnownFileType = text.plist.strings; name = ja; path = ja.lproj/Main.strings; sourceTree = "<group>"; };
		D672CED326E66DBB00AD8D1E /* ja */ = {isa = PBXFileReference; lastKnownFileType = text.plist.strings; name = ja; path = ja.lproj/LaunchScreen.strings; sourceTree = "<group>"; };
		D672CED426E66DCB00AD8D1E /* zh-Hant */ = {isa = PBXFileReference; lastKnownFileType = text.plist.strings; name = "zh-Hant"; path = "zh-Hant.lproj/Main.strings"; sourceTree = "<group>"; };
		D672CED526E66DCB00AD8D1E /* zh-Hant */ = {isa = PBXFileReference; lastKnownFileType = text.plist.strings; name = "zh-Hant"; path = "zh-Hant.lproj/LaunchScreen.strings"; sourceTree = "<group>"; };
		D672CED626E66DD500AD8D1E /* ko */ = {isa = PBXFileReference; lastKnownFileType = text.plist.strings; name = ko; path = ko.lproj/Main.strings; sourceTree = "<group>"; };
		D672CED726E66DD500AD8D1E /* ko */ = {isa = PBXFileReference; lastKnownFileType = text.plist.strings; name = ko; path = ko.lproj/LaunchScreen.strings; sourceTree = "<group>"; };
		D672CEDD26E66E1A00AD8D1E /* en */ = {isa = PBXFileReference; lastKnownFileType = text.plist.strings; name = en; path = en.lproj/Localizable.strings; sourceTree = "<group>"; };
		D672CEE026E66E1C00AD8D1E /* zh-Hant */ = {isa = PBXFileReference; lastKnownFileType = text.plist.strings; name = "zh-Hant"; path = "zh-Hant.lproj/Localizable.strings"; sourceTree = "<group>"; };
		D672CEE126E66E1E00AD8D1E /* ja */ = {isa = PBXFileReference; lastKnownFileType = text.plist.strings; name = ja; path = ja.lproj/Localizable.strings; sourceTree = "<group>"; };
		D672CEE226E66E2000AD8D1E /* ko */ = {isa = PBXFileReference; lastKnownFileType = text.plist.strings; name = ko; path = ko.lproj/Localizable.strings; sourceTree = "<group>"; };
		D672CEE326E66E5A00AD8D1E /* Localization.swift */ = {isa = PBXFileReference; lastKnownFileType = sourcecode.swift; path = Localization.swift; sourceTree = "<group>"; };
/* End PBXFileReference section */

/* Begin PBXFrameworksBuildPhase section */
		D672CEB726E66DA000AD8D1E /* Frameworks */ = {
			isa = PBXFrameworksBuildPhase;
			buildActionMask = 2147483647;
			files = (
			);
			runOnlyForDeploymentPostprocessing = 0;
		};
/* End PBXFrameworksBuildPhase section */

/* Begin PBXGroup section */
		D672CEB126E66DA000AD8D1E = {
			isa = PBXGroup;
			children = (
				D672CEBC26E66DA000AD8D1E /* LocalizationApp */,
				D672CEBB26E66DA000AD8D1E /* Products */,
			);
			sourceTree = "<group>";
		};
		D672CEBB26E66DA000AD8D1E /* Products */ = {
			isa = PBXGroup;
			children = (
				D672CEBA26E66DA000AD8D1E /* LocalizationApp.app */,
			);
			name = Products;
			sourceTree = "<group>";
		};
		D672CEBC26E66DA000AD8D1E /* LocalizationApp */ = {
			isa = PBXGroup;
			children = (
				D672CEBD26E66DA000AD8D1E /* AppDelegate.swift */,
				D672CEBF26E66DA000AD8D1E /* SceneDelegate.swift */,
				D672CEC126E66DA000AD8D1E /* ViewController.swift */,
				D672CEC326E66DA000AD8D1E /* Main.storyboard */,
				D672CEC626E66DA100AD8D1E /* Assets.xcassets */,
				D672CEC826E66DA100AD8D1E /* LaunchScreen.storyboard */,
				D672CECB26E66DA100AD8D1E /* Info.plist */,
				D672CEDE26E66E1A00AD8D1E /* Localizable.strings */,
				D672CEE326E66E5A00AD8D1E /* Localization.swift */,
			);
			path = LocalizationApp;
			sourceTree = "<group>";
		};
/* End PBXGroup section */

/* Begin PBXNativeTarget section */
		D672CEB926E66DA000AD8D1E /* LocalizationApp */ = {
			isa = PBXNativeTarget;
			buildConfigurationList = D672CECE26E66DA100AD8D1E /* Build configuration list for PBXNativeTarget "LocalizationApp" */;
			buildPhases = (
				D672CEB626E66DA000AD8D1E /* Sources */,
				D672CEB726E66DA000AD8D1E /* Frameworks */,
				D672CEB826E66DA000AD8D1E /* Resources */,
			);
			buildRules = (
			);
			dependencies = (
			);
			name = LocalizationApp;
			productName = LocalizationApp;
			productReference = D672CEBA26E66DA000AD8D1E /* LocalizationApp.app */;
			productType = "com.apple.product-type.application";
		};
/* End PBXNativeTarget section */

/* Begin PBXProject section */
		D672CEB226E66DA000AD8D1E /* Project object */ = {
			isa = PBXProject;
			attributes = {
				LastSwiftUpdateCheck = 1200;
				LastUpgradeCheck = 1200;
				TargetAttributes = {
					D672CEB926E66DA000AD8D1E = {
						CreatedOnToolsVersion = 12.0;
					};
				};
			};
			buildConfigurationList = D672CEB526E66DA000AD8D1E /* Build configuration list for PBXProject "LocalizationApp" */;
			compatibilityVersion = "Xcode 9.3";
			developmentRegion = en;
			hasScannedForEncodings = 0;
			knownRegions = (
				en,
				Base,
				ja,
				"zh-Hant",
				ko,
			);
			mainGroup = D672CEB126E66DA000AD8D1E;
			productRefGroup = D672CEBB26E66DA000AD8D1E /* Products */;
			projectDirPath = "";
			projectRoot = "";
			targets = (
				D672CEB926E66DA000AD8D1E /* LocalizationApp */,
			);
		};
/* End PBXProject section */

/* Begin PBXResourcesBuildPhase section */
		D672CEB826E66DA000AD8D1E /* Resources */ = {
			isa = PBXResourcesBuildPhase;
			buildActionMask = 2147483647;
			files = (
				D672CECA26E66DA100AD8D1E /* LaunchScreen.storyboard in Resources */,
				D672CEDC26E66E1A00AD8D1E /* Localizable.strings in Resources */,
				D672CEC726E66DA100AD8D1E /* Assets.xcassets in Resources */,
				D672CEC526E66DA000AD8D1E /* Main.storyboard in Resources */,
			);
			runOnlyForDeploymentPostprocessing = 0;
		};
/* End PBXResourcesBuildPhase section */

/* Begin PBXSourcesBuildPhase section */
		D672CEB626E66DA000AD8D1E /* Sources */ = {
			isa = PBXSourcesBuildPhase;
			buildActionMask = 2147483647;
			files = (
				D672CEC226E66DA000AD8D1E /* ViewController.swift in Sources */,
				D672CEBE26E66DA000AD8D1E /* AppDelegate.swift in Sources */,
				D672CEE426E66E5A00AD8D1E /* Localization.swift in Sources */,
				D672CEC026E66DA000AD8D1E /* SceneDelegate.swift in Sources */,
			);
			runOnlyForDeploymentPostprocessing = 0;
		};
/* End PBXSourcesBuildPhase section */

/* Begin PBXVariantGroup section */
		D672CEC326E66DA000AD8D1E /* Main.storyboard */ = {
			isa = PBXVariantGroup;
			children = (
				D672CEC426E66DA000AD8D1E /* Base */,
				D672CED226E66DBB00AD8D1E /* ja */,
				D672CED426E66DCB00AD8D1E /* zh-Hant */,
				D672CED626E66DD500AD8D1E /* ko */,
			);
			name = Main.storyboard;
			sourceTree = "<group>";
		};
		D672CEC826E66DA100AD8D1E /* LaunchScreen.storyboard */ = {
			isa = PBXVariantGroup;
			children = (
				D672CEC926E66DA100AD8D1E /* Base */,
				D672CED326E66DBB00AD8D1E /* ja */,
				D672CED526E66DCB00AD8D1E /* zh-Hant */,
				D672CED726E66DD500AD8D1E /* ko */,
			);
			name = LaunchScreen.storyboard;
			sourceTree = "<group>";
		};
		D672CEDE26E66E1A00AD8D1E /* Localizable.strings */ = {
			isa = PBXVariantGroup;
			children = (
				D672CEDD26E66E1A00AD8D1E /* en */,
				D672CEE026E66E1C00AD8D1E /* zh-Hant */,
				D672CEE126E66E1E00AD8D1E /* ja */,
				D672CEE226E66E2000AD8D1E /* ko */,
			);
			name = Localizable.strings;
			sourceTree = "<group>";
		};
/* End PBXVariantGroup section */

/* Begin XCBuildConfiguration section */
		D672CECC26E66DA100AD8D1E /* Debug */ = {
			isa = XCBuildConfiguration;
			buildSettings = {
				ALWAYS_SEARCH_USER_PATHS = NO;
				CLANG_ANALYZER_LOCALIZABILITY_NONLOCALIZED = YES;
				CLANG_ANALYZER_NONNULL = YES;
				CLANG_ANALYZER_NUMBER_OBJECT_CONVERSION = YES_AGGRESSIVE;
				CLANG_CXX_LANGUAGE_STANDARD = "gnu++14";
				CLANG_CXX_LIBRARY = "libc++";
				CLANG_ENABLE_MODULES = YES;
				CLANG_ENABLE_OBJC_ARC = YES;
				CLANG_ENABLE_OBJC_WEAK = YES;
				CLANG_WARN_BLOCK_CAPTURE_AUTORELEASING = YES;
				CLANG_WARN_BOOL_CONVERSION = YES;
				CLANG_WARN_COMMA = YES;
				CLANG_WARN_CONSTANT_CONVERSION = YES;
				CLANG_WARN_DEPRECATED_OBJC_IMPLEMENTATIONS = YES;
				CLANG_WARN_DIRECT_OBJC_ISA_USAGE = YES_ERROR;
				CLANG_WARN_DOCUMENTATION_COMMENTS = YES;
				CLANG_WARN_EMPTY_BODY = YES;
				CLANG_WARN_ENUM_CONVERSION = YES;
				CLANG_WARN_INFINITE_RECURSION = YES;
				CLANG_WARN_INT_CONVERSION = YES;
				CLANG_WARN_NON_LITERAL_NULL_CONVERSION = YES;
				CLANG_WARN_OBJC_IMPLICIT_RETAIN_SELF = YES;
				CLANG_WARN_OBJC_LITERAL_CONVERSION = YES;
				CLANG_WARN_OBJC_ROOT_CLASS = YES_ERROR;
				CLANG_WARN_QUOTED_INCLUDE_IN_FRAMEWORK_HEADER = YES;
				CLANG_WARN_RANGE_LOOP_ANALYSIS = YES;
				CLANG_WARN_STRICT_PROTOTYPES = YES;
				CLANG_WARN_SUSPICIOUS_MOVE = YES;
				CLANG_WARN_UNGUARDED_AVAILABILITY = YES_AGGRESSIVE;
				CLANG_WARN_UNREACHABLE_CODE = YES;
				CLANG_WARN__DUPLICATE_METHOD_MATCH = YES;
				COPY_PHASE_STRIP = NO;
				DEBUG_INFORMATION_FORMAT = dwarf;
				ENABLE_STRICT_OBJC_MSGSEND = YES;
				ENABLE_TESTABILITY = YES;
				GCC_C_LANGUAGE_STANDARD = gnu11;
				GCC_DYNAMIC_NO_PIC = NO;
				GCC_NO_COMMON_BLOCKS = YES;
				GCC_OPTIMIZATION_LEVEL = 0;
				GCC_PREPROCESSOR_DEFINITIONS = (
					"DEBUG=1",
					"$(inherited)",
				);
				GCC_WARN_64_TO_32_BIT_CONVERSION = YES;
				GCC_WARN_ABOUT_RETURN_TYPE = YES_ERROR;
				GCC_WARN_UNDECLARED_SELECTOR = YES;
				GCC_WARN_UNINITIALIZED_AUTOS = YES_AGGRESSIVE;
				GCC_WARN_UNUSED_FUNCTION = YES;
				GCC_WARN_UNUSED_VARIABLE = YES;
				IPHONEOS_DEPLOYMENT_TARGET = 14.0;
				MTL_ENABLE_DEBUG_INFO = INCLUDE_SOURCE;
				MTL_FAST_MATH = YES;
				ONLY_ACTIVE_ARCH = YES;
				SDKROOT = iphoneos;
				SWIFT_ACTIVE_COMPILATION_CONDITIONS = DEBUG;
				SWIFT_OPTIMIZATION_LEVEL = "-Onone";
			};
			name = Debug;
		};
		D672CECD26E66DA100AD8D1E /* Release */ = {
			isa = XCBuildConfiguration;
			buildSettings = {
				ALWAYS_SEARCH_USER_PATHS = NO;
				CLANG_ANALYZER_LOCALIZABILITY_NONLOCALIZED = YES;
				CLANG_ANALYZER_NONNULL = YES;
				CLANG_ANALYZER_NUMBER_OBJECT_CONVERSION = YES_AGGRESSIVE;
				CLANG_CXX_LANGUAGE_STANDARD = "gnu++14";
				CLANG_CXX_LIBRARY = "libc++";
				CLANG_ENABLE_MODULES = YES;
				CLANG_ENABLE_OBJC_ARC = YES;
				CLANG_ENABLE_OBJC_WEAK = YES;
				CLANG_WARN_BLOCK_CAPTURE_AUTORELEASING = YES;
				CLANG_WARN_BOOL_CONVERSION = YES;
				CLANG_WARN_COMMA = YES;
				CLANG_WARN_CONSTANT_CONVERSION = YES;
				CLANG_WARN_DEPRECATED_OBJC_IMPLEMENTATIONS = YES;
				CLANG_WARN_DIRECT_OBJC_ISA_USAGE = YES_ERROR;
				CLANG_WARN_DOCUMENTATION_COMMENTS = YES;
				CLANG_WARN_EMPTY_BODY = YES;
				CLANG_WARN_ENUM_CONVERSION = YES;
				CLANG_WARN_INFINITE_RECURSION = YES;
				CLANG_WARN_INT_CONVERSION = YES;
				CLANG_WARN_NON_LITERAL_NULL_CONVERSION = YES;
				CLANG_WARN_OBJC_IMPLICIT_RETAIN_SELF = YES;
				CLANG_WARN_OBJC_LITERAL_CONVERSION = YES;
				CLANG_WARN_OBJC_ROOT_CLASS = YES_ERROR;
				CLANG_WARN_QUOTED_INCLUDE_IN_FRAMEWORK_HEADER = YES;
				CLANG_WARN_RANGE_LOOP_ANALYSIS = YES;
				CLANG_WARN_STRICT_PROTOTYPES = YES;
				CLANG_WARN_SUSPICIOUS_MOVE = YES;
				CLANG_WARN_UNGUARDED_AVAILABILITY = YES_AGGRESSIVE;
				CLANG_WARN_UNREACHABLE_CODE = YES;
				CLANG_WARN__DUPLICATE_METHOD_MATCH = YES;
				COPY_PHASE_STRIP = NO;
				DEBUG_INFORMATION_FORMAT = "dwarf-with-dsym";
				ENABLE_NS_ASSERTIONS = NO;
				ENABLE_STRICT_OBJC_MSGSEND = YES;
				GCC_C_LANGUAGE_STANDARD = gnu11;
				GCC_NO_COMMON_BLOCKS = YES;
				GCC_WARN_64_TO_32_BIT_CONVERSION = YES;
				GCC_WARN_ABOUT_RETURN_TYPE = YES_ERROR;
				GCC_WARN_UNDECLARED_SELECTOR = YES;
				GCC_WARN_UNINITIALIZED_AUTOS = YES_AGGRESSIVE;
				GCC_WARN_UNUSED_FUNCTION = YES;
				GCC_WARN_UNUSED_VARIABLE = YES;
				IPHONEOS_DEPLOYMENT_TARGET = 14.0;
				MTL_ENABLE_DEBUG_INFO = NO;
				MTL_FAST_MATH = YES;
				SDKROOT = iphoneos;
				SWIFT_COMPILATION_MODE = wholemodule;
				SWIFT_OPTIMIZATION_LEVEL = "-O";
				VALIDATE_PRODUCT = YES;
			};
			name = Release;
		};
		D672CECF26E66DA100AD8D1E /* Debug */ = {
			isa = XCBuildConfiguration;
			buildSettings = {
				ASSETCATALOG_COMPILER_APPICON_NAME = AppIcon;
				ASSETCATALOG_COMPILER_GLOBAL_ACCENT_COLOR_NAME = AccentColor;
				CODE_SIGN_STYLE = Automatic;
				DEVELOPMENT_TEAM = ND38VD9UA2;
				INFOPLIST_FILE = LocalizationApp/Info.plist;
				LD_RUNPATH_SEARCH_PATHS = (
					"$(inherited)",
					"@executable_path/Frameworks",
				);
				PRODUCT_BUNDLE_IDENTIFIER = com.gst.LocalizationApp;
				PRODUCT_NAME = "$(TARGET_NAME)";
				SWIFT_VERSION = 5.0;
				TARGETED_DEVICE_FAMILY = "1,2";
			};
			name = Debug;
		};
		D672CED026E66DA100AD8D1E /* Release */ = {
			isa = XCBuildConfiguration;
			buildSettings = {
				ASSETCATALOG_COMPILER_APPICON_NAME = AppIcon;
				ASSETCATALOG_COMPILER_GLOBAL_ACCENT_COLOR_NAME = AccentColor;
				CODE_SIGN_STYLE = Automatic;
				DEVELOPMENT_TEAM = ND38VD9UA2;
				INFOPLIST_FILE = LocalizationApp/Info.plist;
				LD_RUNPATH_SEARCH_PATHS = (
					"$(inherited)",
					"@executable_path/Frameworks",
				);
				PRODUCT_BUNDLE_IDENTIFIER = com.gst.LocalizationApp;
				PRODUCT_NAME = "$(TARGET_NAME)";
				SWIFT_VERSION = 5.0;
				TARGETED_DEVICE_FAMILY = "1,2";
			};
			name = Release;
		};
/* End XCBuildConfiguration section */

/* Begin XCConfigurationList section */
		D672CEB526E66DA000AD8D1E /* Build configuration list for PBXProject "LocalizationApp" */ = {
			isa = XCConfigurationList;
			buildConfigurations = (
				D672CECC26E66DA100AD8D1E /* Debug */,
				D672CECD26E66DA100AD8D1E /* Release */,
			);
			defaultConfigurationIsVisible = 0;
			defaultConfigurationName = Release;
		};
		D672CECE26E66DA100AD8D1E /* Build configuration list for PBXNativeTarget "LocalizationApp" */ = {
			isa = XCConfigurationList;
			buildConfigurations = (
				D672CECF26E66DA100AD8D1E /* Debug */,
				D672CED026E66DA100AD8D1E /* Release */,
			);
			defaultConfigurationIsVisible = 0;
			defaultConfigurationName = Release;
		};
/* End XCConfigurationList section */
	};
	rootObject = D672CEB226E66DA000AD8D1E /* Project object */;
}
